
Microsoft Visual Studio Solution File, Format Version 12.00
# Visual Studio Version 16
VisualStudioVersion = 16.0.36324.18
MinimumVisualStudioVersion = 10.0.40219.1
Project("{FAE04EC0-301F-11D3-BF4B-00C04F79EFBC}") = "Repotes", "Repotes\Repotes.csproj", "{7FE2DE5D-AC69-4D00-A161-E279E2DA5FAB}"
EndProject
Global
	GlobalSection(SolutionConfigurationPlatforms) = preSolution
		Debug|Any CPU = Debug|Any CPU
		Release|Any CPU = Release|Any CPU
	EndGlobalSection
	GlobalSection(ProjectConfigurationPlatforms) = postSolution
		{7FE2DE5D-AC69-4D00-A161-E279E2DA5FAB}.Debug|Any CPU.ActiveCfg = Debug|Any CPU
		{7FE2DE5D-AC69-4D00-A161-E279E2DA5FAB}.Debug|Any CPU.Build.0 = Debug|Any CPU
		{7FE2DE5D-AC69-4D00-A161-E279E2DA5FAB}.Release|Any CPU.ActiveCfg = Release|Any CPU
		{7FE2DE5D-AC69-4D00-A161-E279E2DA5FAB}.Release|Any CPU.Build.0 = Release|Any CPU
	EndGlobalSection
	GlobalSection(SolutionProperties) = preSolution
		HideSolutionNode = FALSE
	EndGlobalSection
	GlobalSection(ExtensibilityGlobals) = postSolution
		SolutionGuid = {2372DBE2-E687-49BA-AF1E-B6AE454F6E00}
	EndGlobalSection
EndGlobal
